// !$*UTF8*$!
{
	archiveVersion = 1;
	classes = {
	};
	objectVersion = 46;
	objects = {

/* Begin PBXBuildFile section */
		0B1A12141B63F50400C62687 /* 11.gif in Resources */ = {isa = PBXBuildFile; fileRef = 0B1A11FC1B63F50400C62687 /* 11.gif */; };
		0B1A12151B63F50400C62687 /* 12.gif in Resources */ = {isa = PBXBuildFile; fileRef = 0B1A11FD1B63F50400C62687 /* 12.gif */; };
		0B1A12161B63F50400C62687 /* 13.gif in Resources */ = {isa = PBXBuildFile; fileRef = 0B1A11FE1B63F50400C62687 /* 13.gif */; };
		0B1A12171B63F50400C62687 /* 14.gif in Resources */ = {isa = PBXBuildFile; fileRef = 0B1A11FF1B63F50400C62687 /* 14.gif */; };
		0B1A12181B63F50400C62687 /* 15.gif in Resources */ = {isa = PBXBuildFile; fileRef = 0B1A12001B63F50400C62687 /* 15.gif */; };
		0B1A12191B63F50400C62687 /* 16.gif in Resources */ = {isa = PBXBuildFile; fileRef = 0B1A12011B63F50400C62687 /* 16.gif */; };
		0B1A121A1B63F50400C62687 /* 17.gif in Resources */ = {isa = PBXBuildFile; fileRef = 0B1A12021B63F50400C62687 /* 17.gif */; };
		0B1A121B1B63F50400C62687 /* 18.gif in Resources */ = {isa = PBXBuildFile; fileRef = 0B1A12031B63F50400C62687 /* 18.gif */; };
		0B1A121C1B63F50400C62687 /* 19.gif in Resources */ = {isa = PBXBuildFile; fileRef = 0B1A12041B63F50400C62687 /* 19.gif */; };
		0B1A121D1B63F50400C62687 /* 20.gif in Resources */ = {isa = PBXBuildFile; fileRef = 0B1A12051B63F50400C62687 /* 20.gif */; };
		0B1A121E1B63F50400C62687 /* 21.gif in Resources */ = {isa = PBXBuildFile; fileRef = 0B1A12061B63F50400C62687 /* 21.gif */; };
		0B1A121F1B63F50400C62687 /* 22.gif in Resources */ = {isa = PBXBuildFile; fileRef = 0B1A12071B63F50400C62687 /* 22.gif */; };
		0B1A12201B63F50400C62687 /* 23.gif in Resources */ = {isa = PBXBuildFile; fileRef = 0B1A12081B63F50400C62687 /* 23.gif */; };
		0B1A12211B63F50400C62687 /* 24.gif in Resources */ = {isa = PBXBuildFile; fileRef = 0B1A12091B63F50400C62687 /* 24.gif */; };
		0B1A12221B63F50400C62687 /* 25.gif in Resources */ = {isa = PBXBuildFile; fileRef = 0B1A120A1B63F50400C62687 /* 25.gif */; };
		0B1A12231B63F50400C62687 /* 26.gif in Resources */ = {isa = PBXBuildFile; fileRef = 0B1A120B1B63F50400C62687 /* 26.gif */; };
		0B1A12241B63F50400C62687 /* 27.gif in Resources */ = {isa = PBXBuildFile; fileRef = 0B1A120C1B63F50400C62687 /* 27.gif */; };
		0B1A12251B63F50400C62687 /* 28.gif in Resources */ = {isa = PBXBuildFile; fileRef = 0B1A120D1B63F50400C62687 /* 28.gif */; };
		0B1A12261B63F50400C62687 /* 29.gif in Resources */ = {isa = PBXBuildFile; fileRef = 0B1A120E1B63F50400C62687 /* 29.gif */; };
		0B1A12271B63F50400C62687 /* 30.gif in Resources */ = {isa = PBXBuildFile; fileRef = 0B1A120F1B63F50400C62687 /* 30.gif */; };
		0B1A12281B63F50400C62687 /* 31.gif in Resources */ = {isa = PBXBuildFile; fileRef = 0B1A12101B63F50400C62687 /* 31.gif */; };
		0B1A12291B63F50400C62687 /* 32.gif in Resources */ = {isa = PBXBuildFile; fileRef = 0B1A12111B63F50400C62687 /* 32.gif */; };
		0B1A122A1B63F50400C62687 /* 33.gif in Resources */ = {isa = PBXBuildFile; fileRef = 0B1A12121B63F50400C62687 /* 33.gif */; };
		0B1A122B1B63F50400C62687 /* 34.gif in Resources */ = {isa = PBXBuildFile; fileRef = 0B1A12131B63F50400C62687 /* 34.gif */; };
		0BC0ABC51A71D47D001DA2AD /* 1.gif in Resources */ = {isa = PBXBuildFile; fileRef = 0BC0ABBB1A71D47D001DA2AD /* 1.gif */; };
		0BC0ABC71A71D47D001DA2AD /* 3.gif in Resources */ = {isa = PBXBuildFile; fileRef = 0BC0ABBD1A71D47D001DA2AD /* 3.gif */; };
		0BC0ABC81A71D47D001DA2AD /* 4.gif in Resources */ = {isa = PBXBuildFile; fileRef = 0BC0ABBE1A71D47D001DA2AD /* 4.gif */; };
		0BC0ABC91A71D47D001DA2AD /* 5.gif in Resources */ = {isa = PBXBuildFile; fileRef = 0BC0ABBF1A71D47D001DA2AD /* 5.gif */; };
		0BC0ABCA1A71D47D001DA2AD /* 6.gif in Resources */ = {isa = PBXBuildFile; fileRef = 0BC0ABC01A71D47D001DA2AD /* 6.gif */; };
		0BC0ABCB1A71D47D001DA2AD /* 7.gif in Resources */ = {isa = PBXBuildFile; fileRef = 0BC0ABC11A71D47D001DA2AD /* 7.gif */; };
		0BC0ABCC1A71D47D001DA2AD /* 8.gif in Resources */ = {isa = PBXBuildFile; fileRef = 0BC0ABC21A71D47D001DA2AD /* 8.gif */; };
		0BC0ABCD1A71D47D001DA2AD /* 9.gif in Resources */ = {isa = PBXBuildFile; fileRef = 0BC0ABC31A71D47D001DA2AD /* 9.gif */; };
		0BC0ABCE1A71D47D001DA2AD /* 10.gif in Resources */ = {isa = PBXBuildFile; fileRef = 0BC0ABC41A71D47D001DA2AD /* 10.gif */; };
		0BC0ABD01A71D4AB001DA2AD /* 2.gif in Resources */ = {isa = PBXBuildFile; fileRef = 0BC0ABCF1A71D4AB001DA2AD /* 2.gif */; };
		6F5DAA2619CE40CE00BE3A66 /* AppDelegate.swift in Sources */ = {isa = PBXBuildFile; fileRef = 6F5DAA2519CE40CE00BE3A66 /* AppDelegate.swift */; };
		6F5DAA2819CE40CE00BE3A66 /* ViewController.swift in Sources */ = {isa = PBXBuildFile; fileRef = 6F5DAA2719CE40CE00BE3A66 /* ViewController.swift */; };
		6F5DAA2D19CE40CE00BE3A66 /* Images.xcassets in Resources */ = {isa = PBXBuildFile; fileRef = 6F5DAA2C19CE40CE00BE3A66 /* Images.xcassets */; };
		6F5DAA3919CE40CE00BE3A66 /* Math_AnimalsTests.swift in Sources */ = {isa = PBXBuildFile; fileRef = 6F5DAA3819CE40CE00BE3A66 /* Math_AnimalsTests.swift */; };
		6F5DAA4319CE40E900BE3A66 /* UIKit.framework in Frameworks */ = {isa = PBXBuildFile; fileRef = 6F5DAA4219CE40E900BE3A66 /* UIKit.framework */; };
		6F5DAA4519CE40F400BE3A66 /* ImageIO.framework in Frameworks */ = {isa = PBXBuildFile; fileRef = 6F5DAA4419CE40F400BE3A66 /* ImageIO.framework */; };
		6F5DAA4719CE40F900BE3A66 /* Foundation.framework in Frameworks */ = {isa = PBXBuildFile; fileRef = 6F5DAA4619CE40F900BE3A66 /* Foundation.framework */; };
		6F5DAA4919CE410100BE3A66 /* CoreGraphics.framework in Frameworks */ = {isa = PBXBuildFile; fileRef = 6F5DAA4819CE410100BE3A66 /* CoreGraphics.framework */; };
		6F5DAA4B19CE5BD400BE3A66 /* Main.storyboard in Resources */ = {isa = PBXBuildFile; fileRef = 6F5DAA4A19CE5BD400BE3A66 /* Main.storyboard */; };
		6F5DAA5019CE5BE600BE3A66 /* UIImage+animatedGIF.m in Sources */ = {isa = PBXBuildFile; fileRef = 6F5DAA4E19CE5BE600BE3A66 /* UIImage+animatedGIF.m */; };
		6F5DAA5119CE5BE600BE3A66 /* stressMath.swift in Sources */ = {isa = PBXBuildFile; fileRef = 6F5DAA4F19CE5BE600BE3A66 /* stressMath.swift */; };
/* End PBXBuildFile section */

/* Begin PBXContainerItemProxy section */
		6F5DAA3319CE40CE00BE3A66 /* PBXContainerItemProxy */ = {
			isa = PBXContainerItemProxy;
			containerPortal = 6F5DAA1819CE40CE00BE3A66 /* Project object */;
			proxyType = 1;
			remoteGlobalIDString = 6F5DAA1F19CE40CE00BE3A66;
			remoteInfo = "Math&Animals";
		};
/* End PBXContainerItemProxy section */

/* Begin PBXFileReference section */
		0B1A11FC1B63F50400C62687 /* 11.gif */ = {isa = PBXFileReference; lastKnownFileType = image.gif; path = 11.gif; sourceTree = "<group>"; };
		0B1A11FD1B63F50400C62687 /* 12.gif */ = {isa = PBXFileReference; lastKnownFileType = image.gif; path = 12.gif; sourceTree = "<group>"; };
		0B1A11FE1B63F50400C62687 /* 13.gif */ = {isa = PBXFileReference; lastKnownFileType = image.gif; path = 13.gif; sourceTree = "<group>"; };
		0B1A11FF1B63F50400C62687 /* 14.gif */ = {isa = PBXFileReference; lastKnownFileType = image.gif; path = 14.gif; sourceTree = "<group>"; };
		0B1A12001B63F50400C62687 /* 15.gif */ = {isa = PBXFileReference; lastKnownFileType = image.gif; path = 15.gif; sourceTree = "<group>"; };
		0B1A12011B63F50400C62687 /* 16.gif */ = {isa = PBXFileReference; lastKnownFileType = image.gif; path = 16.gif; sourceTree = "<group>"; };
		0B1A12021B63F50400C62687 /* 17.gif */ = {isa = PBXFileReference; lastKnownFileType = image.gif; path = 17.gif; sourceTree = "<group>"; };
		0B1A12031B63F50400C62687 /* 18.gif */ = {isa = PBXFileReference; lastKnownFileType = image.gif; path = 18.gif; sourceTree = "<group>"; };
		0B1A12041B63F50400C62687 /* 19.gif */ = {isa = PBXFileReference; lastKnownFileType = image.gif; path = 19.gif; sourceTree = "<group>"; };
		0B1A12051B63F50400C62687 /* 20.gif */ = {isa = PBXFileReference; lastKnownFileType = image.gif; path = 20.gif; sourceTree = "<group>"; };
		0B1A12061B63F50400C62687 /* 21.gif */ = {isa = PBXFileReference; lastKnownFileType = image.gif; path = 21.gif; sourceTree = "<group>"; };
		0B1A12071B63F50400C62687 /* 22.gif */ = {isa = PBXFileReference; lastKnownFileType = image.gif; path = 22.gif; sourceTree = "<group>"; };
		0B1A12081B63F50400C62687 /* 23.gif */ = {isa = PBXFileReference; lastKnownFileType = image.gif; path = 23.gif; sourceTree = "<group>"; };
		0B1A12091B63F50400C62687 /* 24.gif */ = {isa = PBXFileReference; lastKnownFileType = image.gif; path = 24.gif; sourceTree = "<group>"; };
		0B1A120A1B63F50400C62687 /* 25.gif */ = {isa = PBXFileReference; lastKnownFileType = image.gif; path = 25.gif; sourceTree = "<group>"; };
		0B1A120B1B63F50400C62687 /* 26.gif */ = {isa = PBXFileReference; lastKnownFileType = image.gif; path = 26.gif; sourceTree = "<group>"; };
		0B1A120C1B63F50400C62687 /* 27.gif */ = {isa = PBXFileReference; lastKnownFileType = image.gif; path = 27.gif; sourceTree = "<group>"; };
		0B1A120D1B63F50400C62687 /* 28.gif */ = {isa = PBXFileReference; lastKnownFileType = image.gif; path = 28.gif; sourceTree = "<group>"; };
		0B1A120E1B63F50400C62687 /* 29.gif */ = {isa = PBXFileReference; lastKnownFileType = image.gif; path = 29.gif; sourceTree = "<group>"; };
		0B1A120F1B63F50400C62687 /* 30.gif */ = {isa = PBXFileReference; lastKnownFileType = image.gif; path = 30.gif; sourceTree = "<group>"; };
		0B1A12101B63F50400C62687 /* 31.gif */ = {isa = PBXFileReference; lastKnownFileType = image.gif; path = 31.gif; sourceTree = "<group>"; };
		0B1A12111B63F50400C62687 /* 32.gif */ = {isa = PBXFileReference; lastKnownFileType = image.gif; path = 32.gif; sourceTree = "<group>"; };
		0B1A12121B63F50400C62687 /* 33.gif */ = {isa = PBXFileReference; lastKnownFileType = image.gif; path = 33.gif; sourceTree = "<group>"; };
		0B1A12131B63F50400C62687 /* 34.gif */ = {isa = PBXFileReference; lastKnownFileType = image.gif; path = 34.gif; sourceTree = "<group>"; };
		0BC0ABBB1A71D47D001DA2AD /* 1.gif */ = {isa = PBXFileReference; lastKnownFileType = image.gif; name = 1.gif; path = "Math&Animals/Images/1.gif"; sourceTree = "<group>"; };
		0BC0ABBD1A71D47D001DA2AD /* 3.gif */ = {isa = PBXFileReference; lastKnownFileType = image.gif; name = 3.gif; path = "Math&Animals/Images/3.gif"; sourceTree = "<group>"; };
		0BC0ABBE1A71D47D001DA2AD /* 4.gif */ = {isa = PBXFileReference; lastKnownFileType = image.gif; name = 4.gif; path = "Math&Animals/Images/4.gif"; sourceTree = "<group>"; };
		0BC0ABBF1A71D47D001DA2AD /* 5.gif */ = {isa = PBXFileReference; lastKnownFileType = image.gif; name = 5.gif; path = "Math&Animals/Images/5.gif"; sourceTree = "<group>"; };
		0BC0ABC01A71D47D001DA2AD /* 6.gif */ = {isa = PBXFileReference; lastKnownFileType = image.gif; name = 6.gif; path = "Math&Animals/Images/6.gif"; sourceTree = "<group>"; };
		0BC0ABC11A71D47D001DA2AD /* 7.gif */ = {isa = PBXFileReference; lastKnownFileType = image.gif; name = 7.gif; path = "Math&Animals/Images/7.gif"; sourceTree = "<group>"; };
		0BC0ABC21A71D47D001DA2AD /* 8.gif */ = {isa = PBXFileReference; lastKnownFileType = image.gif; name = 8.gif; path = "Math&Animals/Images/8.gif"; sourceTree = "<group>"; };
		0BC0ABC31A71D47D001DA2AD /* 9.gif */ = {isa = PBXFileReference; lastKnownFileType = image.gif; name = 9.gif; path = "Math&Animals/Images/9.gif"; sourceTree = "<group>"; };
		0BC0ABC41A71D47D001DA2AD /* 10.gif */ = {isa = PBXFileReference; lastKnownFileType = image.gif; name = 10.gif; path = "Math&Animals/Images/10.gif"; sourceTree = "<group>"; };
		0BC0ABCF1A71D4AB001DA2AD /* 2.gif */ = {isa = PBXFileReference; lastKnownFileType = image.gif; name = 2.gif; path = "Math&Animals/Images/2.gif"; sourceTree = "<group>"; };
		6F5DAA2019CE40CE00BE3A66 /* Math&Animals.app */ = {isa = PBXFileReference; explicitFileType = wrapper.application; includeInIndex = 0; path = "Math&Animals.app"; sourceTree = BUILT_PRODUCTS_DIR; };
		6F5DAA2419CE40CE00BE3A66 /* Info.plist */ = {isa = PBXFileReference; lastKnownFileType = text.plist.xml; path = Info.plist; sourceTree = "<group>"; };
		6F5DAA2519CE40CE00BE3A66 /* AppDelegate.swift */ = {isa = PBXFileReference; lastKnownFileType = sourcecode.swift; path = AppDelegate.swift; sourceTree = "<group>"; };
		6F5DAA2719CE40CE00BE3A66 /* ViewController.swift */ = {isa = PBXFileReference; lastKnownFileType = sourcecode.swift; path = ViewController.swift; sourceTree = "<group>"; };
		6F5DAA2C19CE40CE00BE3A66 /* Images.xcassets */ = {isa = PBXFileReference; lastKnownFileType = folder.assetcatalog; path = Images.xcassets; sourceTree = "<group>"; };
		6F5DAA3219CE40CE00BE3A66 /* Math&AnimalsTests.xctest */ = {isa = PBXFileReference; explicitFileType = wrapper.cfbundle; includeInIndex = 0; path = "Math&AnimalsTests.xctest"; sourceTree = BUILT_PRODUCTS_DIR; };
		6F5DAA3719CE40CE00BE3A66 /* Info.plist */ = {isa = PBXFileReference; lastKnownFileType = text.plist.xml; path = Info.plist; sourceTree = "<group>"; };
		6F5DAA3819CE40CE00BE3A66 /* Math_AnimalsTests.swift */ = {isa = PBXFileReference; lastKnownFileType = sourcecode.swift; path = Math_AnimalsTests.swift; sourceTree = "<group>"; };
		6F5DAA4219CE40E900BE3A66 /* UIKit.framework */ = {isa = PBXFileReference; lastKnownFileType = wrapper.framework; name = UIKit.framework; path = System/Library/Frameworks/UIKit.framework; sourceTree = SDKROOT; };
		6F5DAA4419CE40F400BE3A66 /* ImageIO.framework */ = {isa = PBXFileReference; lastKnownFileType = wrapper.framework; name = ImageIO.framework; path = System/Library/Frameworks/ImageIO.framework; sourceTree = SDKROOT; };
		6F5DAA4619CE40F900BE3A66 /* Foundation.framework */ = {isa = PBXFileReference; lastKnownFileType = wrapper.framework; name = Foundation.framework; path = System/Library/Frameworks/Foundation.framework; sourceTree = SDKROOT; };
		6F5DAA4819CE410100BE3A66 /* CoreGraphics.framework */ = {isa = PBXFileReference; lastKnownFileType = wrapper.framework; name = CoreGraphics.framework; path = System/Library/Frameworks/CoreGraphics.framework; sourceTree = SDKROOT; };
		6F5DAA4A19CE5BD400BE3A66 /* Main.storyboard */ = {isa = PBXFileReference; fileEncoding = 4; lastKnownFileType = file.storyboard; path = Main.storyboard; sourceTree = "<group>"; };
		6F5DAA4C19CE5BE500BE3A66 /* Math&Animals-Bridging-Header.h */ = {isa = PBXFileReference; lastKnownFileType = sourcecode.c.h; path = "Math&Animals-Bridging-Header.h"; sourceTree = "<group>"; };
		6F5DAA4D19CE5BE600BE3A66 /* UIImage+animatedGIF.h */ = {isa = PBXFileReference; fileEncoding = 4; lastKnownFileType = sourcecode.c.h; path = "UIImage+animatedGIF.h"; sourceTree = "<group>"; };
		6F5DAA4E19CE5BE600BE3A66 /* UIImage+animatedGIF.m */ = {isa = PBXFileReference; fileEncoding = 4; lastKnownFileType = sourcecode.c.objc; path = "UIImage+animatedGIF.m"; sourceTree = "<group>"; };
		6F5DAA4F19CE5BE600BE3A66 /* stressMath.swift */ = {isa = PBXFileReference; fileEncoding = 4; lastKnownFileType = sourcecode.swift; path = stressMath.swift; sourceTree = "<group>"; };
/* End PBXFileReference section */

/* Begin PBXFrameworksBuildPhase section */
		6F5DAA1D19CE40CE00BE3A66 /* Frameworks */ = {
			isa = PBXFrameworksBuildPhase;
			buildActionMask = 2147483647;
			files = (
				6F5DAA4919CE410100BE3A66 /* CoreGraphics.framework in Frameworks */,
				6F5DAA4719CE40F900BE3A66 /* Foundation.framework in Frameworks */,
				6F5DAA4519CE40F400BE3A66 /* ImageIO.framework in Frameworks */,
				6F5DAA4319CE40E900BE3A66 /* UIKit.framework in Frameworks */,
			);
			runOnlyForDeploymentPostprocessing = 0;
		};
		6F5DAA2F19CE40CE00BE3A66 /* Frameworks */ = {
			isa = PBXFrameworksBuildPhase;
			buildActionMask = 2147483647;
			files = (
			);
			runOnlyForDeploymentPostprocessing = 0;
		};
/* End PBXFrameworksBuildPhase section */

/* Begin PBXGroup section */
		6F5DAA1719CE40CE00BE3A66 = {
			isa = PBXGroup;
			children = (
				6F5DAA5219CE5C6700BE3A66 /* Images */,
				6F5DAA4819CE410100BE3A66 /* CoreGraphics.framework */,
				6F5DAA4619CE40F900BE3A66 /* Foundation.framework */,
				6F5DAA4419CE40F400BE3A66 /* ImageIO.framework */,
				6F5DAA4219CE40E900BE3A66 /* UIKit.framework */,
				6F5DAA2219CE40CE00BE3A66 /* Math&Animals */,
				6F5DAA3519CE40CE00BE3A66 /* Math&AnimalsTests */,
				6F5DAA2119CE40CE00BE3A66 /* Products */,
			);
			sourceTree = "<group>";
		};
		6F5DAA2119CE40CE00BE3A66 /* Products */ = {
			isa = PBXGroup;
			children = (
				6F5DAA2019CE40CE00BE3A66 /* Math&Animals.app */,
				6F5DAA3219CE40CE00BE3A66 /* Math&AnimalsTests.xctest */,
			);
			name = Products;
			sourceTree = "<group>";
		};
		6F5DAA2219CE40CE00BE3A66 /* Math&Animals */ = {
			isa = PBXGroup;
			children = (
				6F5DAA2519CE40CE00BE3A66 /* AppDelegate.swift */,
				6F5DAA2719CE40CE00BE3A66 /* ViewController.swift */,
				6F5DAA4D19CE5BE600BE3A66 /* UIImage+animatedGIF.h */,
				6F5DAA4E19CE5BE600BE3A66 /* UIImage+animatedGIF.m */,
				6F5DAA4F19CE5BE600BE3A66 /* stressMath.swift */,
				6F5DAA4A19CE5BD400BE3A66 /* Main.storyboard */,
				6F5DAA2C19CE40CE00BE3A66 /* Images.xcassets */,
				6F5DAA2319CE40CE00BE3A66 /* Supporting Files */,
				6F5DAA4C19CE5BE500BE3A66 /* Math&Animals-Bridging-Header.h */,
			);
			path = "Math&Animals";
			sourceTree = "<group>";
		};
		6F5DAA2319CE40CE00BE3A66 /* Supporting Files */ = {
			isa = PBXGroup;
			children = (
				6F5DAA2419CE40CE00BE3A66 /* Info.plist */,
			);
			name = "Supporting Files";
			sourceTree = "<group>";
		};
		6F5DAA3519CE40CE00BE3A66 /* Math&AnimalsTests */ = {
			isa = PBXGroup;
			children = (
				6F5DAA3819CE40CE00BE3A66 /* Math_AnimalsTests.swift */,
				6F5DAA3619CE40CE00BE3A66 /* Supporting Files */,
			);
			path = "Math&AnimalsTests";
			sourceTree = "<group>";
		};
		6F5DAA3619CE40CE00BE3A66 /* Supporting Files */ = {
			isa = PBXGroup;
			children = (
				6F5DAA3719CE40CE00BE3A66 /* Info.plist */,
			);
			name = "Supporting Files";
			sourceTree = "<group>";
		};
		6F5DAA5219CE5C6700BE3A66 /* Images */ = {
			isa = PBXGroup;
			children = (
				0BC0ABBB1A71D47D001DA2AD /* 1.gif */,
				0BC0ABBD1A71D47D001DA2AD /* 3.gif */,
				0BC0ABBE1A71D47D001DA2AD /* 4.gif */,
				0BC0ABBF1A71D47D001DA2AD /* 5.gif */,
				0BC0ABC01A71D47D001DA2AD /* 6.gif */,
				0B1A11FC1B63F50400C62687 /* 11.gif */,
				0B1A11FD1B63F50400C62687 /* 12.gif */,
				0B1A11FE1B63F50400C62687 /* 13.gif */,
				0B1A11FF1B63F50400C62687 /* 14.gif */,
				0B1A12001B63F50400C62687 /* 15.gif */,
				0B1A12011B63F50400C62687 /* 16.gif */,
				0B1A12021B63F50400C62687 /* 17.gif */,
				0B1A12031B63F50400C62687 /* 18.gif */,
				0B1A12041B63F50400C62687 /* 19.gif */,
				0B1A12051B63F50400C62687 /* 20.gif */,
				0B1A12061B63F50400C62687 /* 21.gif */,
				0B1A12071B63F50400C62687 /* 22.gif */,
				0B1A12081B63F50400C62687 /* 23.gif */,
				0B1A12091B63F50400C62687 /* 24.gif */,
				0B1A120A1B63F50400C62687 /* 25.gif */,
				0B1A120B1B63F50400C62687 /* 26.gif */,
				0B1A120C1B63F50400C62687 /* 27.gif */,
				0B1A120D1B63F50400C62687 /* 28.gif */,
				0B1A120E1B63F50400C62687 /* 29.gif */,
				0B1A120F1B63F50400C62687 /* 30.gif */,
				0B1A12101B63F50400C62687 /* 31.gif */,
				0B1A12111B63F50400C62687 /* 32.gif */,
				0B1A12121B63F50400C62687 /* 33.gif */,
				0B1A12131B63F50400C62687 /* 34.gif */,
				0BC0ABC11A71D47D001DA2AD /* 7.gif */,
				0BC0ABC21A71D47D001DA2AD /* 8.gif */,
				0BC0ABCF1A71D4AB001DA2AD /* 2.gif */,
				0BC0ABC31A71D47D001DA2AD /* 9.gif */,
				0BC0ABC41A71D47D001DA2AD /* 10.gif */,
			);
			name = Images;
			sourceTree = "<group>";
		};
/* End PBXGroup section */

/* Begin PBXNativeTarget section */
		6F5DAA1F19CE40CE00BE3A66 /* Math&Animals */ = {
			isa = PBXNativeTarget;
			buildConfigurationList = 6F5DAA3C19CE40CE00BE3A66 /* Build configuration list for PBXNativeTarget "Math&Animals" */;
			buildPhases = (
				6F5DAA1C19CE40CE00BE3A66 /* Sources */,
				6F5DAA1D19CE40CE00BE3A66 /* Frameworks */,
				6F5DAA1E19CE40CE00BE3A66 /* Resources */,
			);
			buildRules = (
			);
			dependencies = (
			);
			name = "Math&Animals";
			productName = "Math&Animals";
			productReference = 6F5DAA2019CE40CE00BE3A66 /* Math&Animals.app */;
			productType = "com.apple.product-type.application";
		};
		6F5DAA3119CE40CE00BE3A66 /* Math&AnimalsTests */ = {
			isa = PBXNativeTarget;
			buildConfigurationList = 6F5DAA3F19CE40CE00BE3A66 /* Build configuration list for PBXNativeTarget "Math&AnimalsTests" */;
			buildPhases = (
				6F5DAA2E19CE40CE00BE3A66 /* Sources */,
				6F5DAA2F19CE40CE00BE3A66 /* Frameworks */,
				6F5DAA3019CE40CE00BE3A66 /* Resources */,
			);
			buildRules = (
			);
			dependencies = (
				6F5DAA3419CE40CE00BE3A66 /* PBXTargetDependency */,
			);
			name = "Math&AnimalsTests";
			productName = "Math&AnimalsTests";
			productReference = 6F5DAA3219CE40CE00BE3A66 /* Math&AnimalsTests.xctest */;
			productType = "com.apple.product-type.bundle.unit-test";
		};
/* End PBXNativeTarget section */

/* Begin PBXProject section */
		6F5DAA1819CE40CE00BE3A66 /* Project object */ = {
			isa = PBXProject;
			attributes = {
				LastUpgradeCheck = 0600;
				ORGANIZATIONNAME = "Daniel Petkevich";
				TargetAttributes = {
					6F5DAA1F19CE40CE00BE3A66 = {
						CreatedOnToolsVersion = 6.0;
						DevelopmentTeam = 45HHW4YNZ8;
					};
					6F5DAA3119CE40CE00BE3A66 = {
						CreatedOnToolsVersion = 6.0;
						TestTargetID = 6F5DAA1F19CE40CE00BE3A66;
					};
				};
			};
			buildConfigurationList = 6F5DAA1B19CE40CE00BE3A66 /* Build configuration list for PBXProject "Math&Animals" */;
			compatibilityVersion = "Xcode 3.2";
			developmentRegion = English;
			hasScannedForEncodings = 0;
			knownRegions = (
				en,
				Base,
			);
			mainGroup = 6F5DAA1719CE40CE00BE3A66;
			productRefGroup = 6F5DAA2119CE40CE00BE3A66 /* Products */;
			projectDirPath = "";
			projectRoot = "";
			targets = (
				6F5DAA1F19CE40CE00BE3A66 /* Math&Animals */,
				6F5DAA3119CE40CE00BE3A66 /* Math&AnimalsTests */,
			);
		};
/* End PBXProject section */

/* Begin PBXResourcesBuildPhase section */
		6F5DAA1E19CE40CE00BE3A66 /* Resources */ = {
			isa = PBXResourcesBuildPhase;
			buildActionMask = 2147483647;
			files = (
				0B1A12251B63F50400C62687 /* 28.gif in Resources */,
				0B1A12211B63F50400C62687 /* 24.gif in Resources */,
				0B1A12141B63F50400C62687 /* 11.gif in Resources */,
				0B1A12191B63F50400C62687 /* 16.gif in Resources */,
				0B1A121D1B63F50400C62687 /* 20.gif in Resources */,
				0BC0ABCE1A71D47D001DA2AD /* 10.gif in Resources */,
				0B1A121A1B63F50400C62687 /* 17.gif in Resources */,
				0B1A121C1B63F50400C62687 /* 19.gif in Resources */,
				0B1A121F1B63F50400C62687 /* 22.gif in Resources */,
				0BC0ABCC1A71D47D001DA2AD /* 8.gif in Resources */,
				0BC0ABCA1A71D47D001DA2AD /* 6.gif in Resources */,
				0BC0ABD01A71D4AB001DA2AD /* 2.gif in Resources */,
				0BC0ABC71A71D47D001DA2AD /* 3.gif in Resources */,
				0B1A12271B63F50400C62687 /* 30.gif in Resources */,
				6F5DAA2D19CE40CE00BE3A66 /* Images.xcassets in Resources */,
				0B1A12181B63F50400C62687 /* 15.gif in Resources */,
				0BC0ABCD1A71D47D001DA2AD /* 9.gif in Resources */,
				0BC0ABC51A71D47D001DA2AD /* 1.gif in Resources */,
				0BC0ABCB1A71D47D001DA2AD /* 7.gif in Resources */,
				0B1A12161B63F50400C62687 /* 13.gif in Resources */,
				0B1A122A1B63F50400C62687 /* 33.gif in Resources */,
				0B1A12281B63F50400C62687 /* 31.gif in Resources */,
				6F5DAA4B19CE5BD400BE3A66 /* Main.storyboard in Resources */,
				0B1A121B1B63F50400C62687 /* 18.gif in Resources */,
				0B1A12151B63F50400C62687 /* 12.gif in Resources */,
				0B1A12201B63F50400C62687 /* 23.gif in Resources */,
				0B1A12261B63F50400C62687 /* 29.gif in Resources */,
				0BC0ABC91A71D47D001DA2AD /* 5.gif in Resources */,
				0B1A12291B63F50400C62687 /* 32.gif in Resources */,
				0B1A122B1B63F50400C62687 /* 34.gif in Resources */,
				0B1A12241B63F50400C62687 /* 27.gif in Resources */,
				0BC0ABC81A71D47D001DA2AD /* 4.gif in Resources */,
				0B1A12221B63F50400C62687 /* 25.gif in Resources */,
				0B1A12171B63F50400C62687 /* 14.gif in Resources */,
				0B1A12231B63F50400C62687 /* 26.gif in Resources */,
				0B1A121E1B63F50400C62687 /* 21.gif in Resources */,
			);
			runOnlyForDeploymentPostprocessing = 0;
		};
		6F5DAA3019CE40CE00BE3A66 /* Resources */ = {
			isa = PBXResourcesBuildPhase;
			buildActionMask = 2147483647;
			files = (
			);
			runOnlyForDeploymentPostprocessing = 0;
		};
/* End PBXResourcesBuildPhase section */

/* Begin PBXSourcesBuildPhase section */
		6F5DAA1C19CE40CE00BE3A66 /* Sources */ = {
			isa = PBXSourcesBuildPhase;
			buildActionMask = 2147483647;
			files = (
				6F5DAA2819CE40CE00BE3A66 /* ViewController.swift in Sources */,
				6F5DAA5119CE5BE600BE3A66 /* stressMath.swift in Sources */,
				6F5DAA5019CE5BE600BE3A66 /* UIImage+animatedGIF.m in Sources */,
				6F5DAA2619CE40CE00BE3A66 /* AppDelegate.swift in Sources */,
			);
			runOnlyForDeploymentPostprocessing = 0;
		};
		6F5DAA2E19CE40CE00BE3A66 /* Sources */ = {
			isa = PBXSourcesBuildPhase;
			buildActionMask = 2147483647;
			files = (
				6F5DAA3919CE40CE00BE3A66 /* Math_AnimalsTests.swift in Sources */,
			);
			runOnlyForDeploymentPostprocessing = 0;
		};
/* End PBXSourcesBuildPhase section */

/* Begin PBXTargetDependency section */
		6F5DAA3419CE40CE00BE3A66 /* PBXTargetDependency */ = {
			isa = PBXTargetDependency;
			target = 6F5DAA1F19CE40CE00BE3A66 /* Math&Animals */;
			targetProxy = 6F5DAA3319CE40CE00BE3A66 /* PBXContainerItemProxy */;
		};
/* End PBXTargetDependency section */

/* Begin XCBuildConfiguration section */
		6F5DAA3A19CE40CE00BE3A66 /* Debug */ = {
			isa = XCBuildConfiguration;
			buildSettings = {
				ALWAYS_SEARCH_USER_PATHS = NO;
				CLANG_CXX_LANGUAGE_STANDARD = "gnu++0x";
				CLANG_CXX_LIBRARY = "libc++";
				CLANG_ENABLE_MODULES = YES;
				CLANG_ENABLE_OBJC_ARC = YES;
				CLANG_WARN_BOOL_CONVERSION = YES;
				CLANG_WARN_CONSTANT_CONVERSION = YES;
				CLANG_WARN_DIRECT_OBJC_ISA_USAGE = YES_ERROR;
				CLANG_WARN_EMPTY_BODY = YES;
				CLANG_WARN_ENUM_CONVERSION = YES;
				CLANG_WARN_INT_CONVERSION = YES;
				CLANG_WARN_OBJC_ROOT_CLASS = YES_ERROR;
				CLANG_WARN_UNREACHABLE_CODE = YES;
				CLANG_WARN__DUPLICATE_METHOD_MATCH = YES;
				"CODE_SIGN_IDENTITY[sdk=iphoneos*]" = "iPhone Developer";
				COPY_PHASE_STRIP = NO;
				ENABLE_STRICT_OBJC_MSGSEND = YES;
				GCC_C_LANGUAGE_STANDARD = gnu99;
				GCC_DYNAMIC_NO_PIC = NO;
				GCC_OPTIMIZATION_LEVEL = 0;
				GCC_PREPROCESSOR_DEFINITIONS = (
					"DEBUG=1",
					"$(inherited)",
				);
				GCC_SYMBOLS_PRIVATE_EXTERN = NO;
				GCC_WARN_64_TO_32_BIT_CONVERSION = YES;
				GCC_WARN_ABOUT_RETURN_TYPE = YES_ERROR;
				GCC_WARN_UNDECLARED_SELECTOR = YES;
				GCC_WARN_UNINITIALIZED_AUTOS = YES_AGGRESSIVE;
				GCC_WARN_UNUSED_FUNCTION = YES;
				GCC_WARN_UNUSED_VARIABLE = YES;
				IPHONEOS_DEPLOYMENT_TARGET = 8.0;
				MTL_ENABLE_DEBUG_INFO = YES;
				ONLY_ACTIVE_ARCH = YES;
				SDKROOT = iphoneos;
				SWIFT_OPTIMIZATION_LEVEL = "-Onone";
			};
			name = Debug;
		};
		6F5DAA3B19CE40CE00BE3A66 /* Release */ = {
			isa = XCBuildConfiguration;
			buildSettings = {
				ALWAYS_SEARCH_USER_PATHS = NO;
				CLANG_CXX_LANGUAGE_STANDARD = "gnu++0x";
				CLANG_CXX_LIBRARY = "libc++";
				CLANG_ENABLE_MODULES = YES;
				CLANG_ENABLE_OBJC_ARC = YES;
				CLANG_WARN_BOOL_CONVERSION = YES;
				CLANG_WARN_CONSTANT_CONVERSION = YES;
				CLANG_WARN_DIRECT_OBJC_ISA_USAGE = YES_ERROR;
				CLANG_WARN_EMPTY_BODY = YES;
				CLANG_WARN_ENUM_CONVERSION = YES;
				CLANG_WARN_INT_CONVERSION = YES;
				CLANG_WARN_OBJC_ROOT_CLASS = YES_ERROR;
				CLANG_WARN_UNREACHABLE_CODE = YES;
				CLANG_WARN__DUPLICATE_METHOD_MATCH = YES;
				"CODE_SIGN_IDENTITY[sdk=iphoneos*]" = "iPhone Developer";
				COPY_PHASE_STRIP = YES;
				ENABLE_NS_ASSERTIONS = NO;
				ENABLE_STRICT_OBJC_MSGSEND = YES;
				GCC_C_LANGUAGE_STANDARD = gnu99;
				GCC_WARN_64_TO_32_BIT_CONVERSION = YES;
				GCC_WARN_ABOUT_RETURN_TYPE = YES_ERROR;
				GCC_WARN_UNDECLARED_SELECTOR = YES;
				GCC_WARN_UNINITIALIZED_AUTOS = YES_AGGRESSIVE;
				GCC_WARN_UNUSED_FUNCTION = YES;
				GCC_WARN_UNUSED_VARIABLE = YES;
				IPHONEOS_DEPLOYMENT_TARGET = 8.0;
				MTL_ENABLE_DEBUG_INFO = NO;
				SDKROOT = iphoneos;
				VALIDATE_PRODUCT = YES;
			};
			name = Release;
		};
		6F5DAA3D19CE40CE00BE3A66 /* Debug */ = {
			isa = XCBuildConfiguration;
			buildSettings = {
				ASSETCATALOG_COMPILER_APPICON_NAME = AppIcon;
				ASSETCATALOG_COMPILER_LAUNCHIMAGE_NAME = LaunchImage;
				CLANG_ENABLE_MODULES = YES;
				CODE_SIGN_IDENTITY = "iPhone Developer";
				INFOPLIST_FILE = "Math&Animals/Info.plist";
				LD_RUNPATH_SEARCH_PATHS = "$(inherited) @executable_path/Frameworks";
				PRODUCT_NAME = "$(TARGET_NAME)";
				SWIFT_OBJC_BRIDGING_HEADER = "Math&Animals/Math&Animals-Bridging-Header.h";
				SWIFT_OPTIMIZATION_LEVEL = "-Onone";
				TARGETED_DEVICE_FAMILY = 1;
			};
			name = Debug;
		};
		6F5DAA3E19CE40CE00BE3A66 /* Release */ = {
			isa = XCBuildConfiguration;
			buildSettings = {
				ASSETCATALOG_COMPILER_APPICON_NAME = AppIcon;
				ASSETCATALOG_COMPILER_LAUNCHIMAGE_NAME = LaunchImage;
				CLANG_ENABLE_MODULES = YES;
				CODE_SIGN_IDENTITY = "iPhone Developer";
				INFOPLIST_FILE = "Math&Animals/Info.plist";
				LD_RUNPATH_SEARCH_PATHS = "$(inherited) @executable_path/Frameworks";
				PRODUCT_NAME = "$(TARGET_NAME)";
				SWIFT_OBJC_BRIDGING_HEADER = "Math&Animals/Math&Animals-Bridging-Header.h";
				TARGETED_DEVICE_FAMILY = 1;
			};
			name = Release;
		};
		6F5DAA4019CE40CE00BE3A66 /* Debug */ = {
			isa = XCBuildConfiguration;
			buildSettings = {
				BUNDLE_LOADER = "$(TEST_HOST)";
				FRAMEWORK_SEARCH_PATHS = (
					"$(SDKROOT)/Developer/Library/Frameworks",
					"$(inherited)",
				);
				GCC_PREPROCESSOR_DEFINITIONS = (
					"DEBUG=1",
					"$(inherited)",
				);
				INFOPLIST_FILE = "Math&AnimalsTests/Info.plist";
				LD_RUNPATH_SEARCH_PATHS = "$(inherited) @executable_path/Frameworks @loader_path/Frameworks";
				PRODUCT_NAME = "$(TARGET_NAME)";
				TEST_HOST = "$(BUILT_PRODUCTS_DIR)/Math&Animals.app/Math&Animals";
			};
			name = Debug;
		};
		6F5DAA4119CE40CE00BE3A66 /* Release */ = {
			isa = XCBuildConfiguration;
			buildSettings = {
				BUNDLE_LOADER = "$(TEST_HOST)";
				FRAMEWORK_SEARCH_PATHS = (
					"$(SDKROOT)/Developer/Library/Frameworks",
					"$(inherited)",
				);
				INFOPLIST_FILE = "Math&AnimalsTests/Info.plist";
				LD_RUNPATH_SEARCH_PATHS = "$(inherited) @executable_path/Frameworks @loader_path/Frameworks";
				PRODUCT_NAME = "$(TARGET_NAME)";
				TEST_HOST = "$(BUILT_PRODUCTS_DIR)/Math&Animals.app/Math&Animals";
			};
			name = Release;
		};
/* End XCBuildConfiguration section */

/* Begin XCConfigurationList section */
		6F5DAA1B19CE40CE00BE3A66 /* Build configuration list for PBXProject "Math&Animals" */ = {
			isa = XCConfigurationList;
			buildConfigurations = (
				6F5DAA3A19CE40CE00BE3A66 /* Debug */,
				6F5DAA3B19CE40CE00BE3A66 /* Release */,
			);
			defaultConfigurationIsVisible = 0;
			defaultConfigurationName = Release;
		};
		6F5DAA3C19CE40CE00BE3A66 /* Build configuration list for PBXNativeTarget "Math&Animals" */ = {
			isa = XCConfigurationList;
			buildConfigurations = (
				6F5DAA3D19CE40CE00BE3A66 /* Debug */,
				6F5DAA3E19CE40CE00BE3A66 /* Release */,
			);
			defaultConfigurationIsVisible = 0;
			defaultConfigurationName = Release;
		};
		6F5DAA3F19CE40CE00BE3A66 /* Build configuration list for PBXNativeTarget "Math&AnimalsTests" */ = {
			isa = XCConfigurationList;
			buildConfigurations = (
				6F5DAA4019CE40CE00BE3A66 /* Debug */,
				6F5DAA4119CE40CE00BE3A66 /* Release */,
			);
			defaultConfigurationIsVisible = 0;
			defaultConfigurationName = Release;
		};
/* End XCConfigurationList section */
	};
	rootObject = 6F5DAA1819CE40CE00BE3A66 /* Project object */;
}
